// !$*UTF8*$!
{
	archiveVersion = 1;
	classes = {
	};
	objectVersion = 46;
	objects = {

/* Begin PBXBuildFile section */
		49325A871B1430F60002BDE0 /* MemeCollectionViewController.swift in Sources */ = {isa = PBXBuildFile; fileRef = 49325A861B1430F60002BDE0 /* MemeCollectionViewController.swift */; };
		49325A891B1432760002BDE0 /* MemeCollectionViewCell.swift in Sources */ = {isa = PBXBuildFile; fileRef = 49325A881B1432760002BDE0 /* MemeCollectionViewCell.swift */; };
		49E449681B0068B600D0BF23 /* MemeListViewController.swift in Sources */ = {isa = PBXBuildFile; fileRef = 49E449671B0068B600D0BF23 /* MemeListViewController.swift */; };
		49E4496A1B0077E300D0BF23 /* MemeDetailViewController.swift in Sources */ = {isa = PBXBuildFile; fileRef = 49E449691B0077E300D0BF23 /* MemeDetailViewController.swift */; };
		49E9EDCF1AEDC44500C178E8 /* AppDelegate.swift in Sources */ = {isa = PBXBuildFile; fileRef = 49E9EDCE1AEDC44500C178E8 /* AppDelegate.swift */; };
		49E9EDD11AEDC44500C178E8 /* ViewController.swift in Sources */ = {isa = PBXBuildFile; fileRef = 49E9EDD01AEDC44500C178E8 /* ViewController.swift */; };
		49E9EDD41AEDC44500C178E8 /* Main.storyboard in Resources */ = {isa = PBXBuildFile; fileRef = 49E9EDD21AEDC44500C178E8 /* Main.storyboard */; };
		49E9EDD61AEDC44500C178E8 /* Images.xcassets in Resources */ = {isa = PBXBuildFile; fileRef = 49E9EDD51AEDC44500C178E8 /* Images.xcassets */; };
		49E9EDD91AEDC44500C178E8 /* LaunchScreen.xib in Resources */ = {isa = PBXBuildFile; fileRef = 49E9EDD71AEDC44500C178E8 /* LaunchScreen.xib */; };
		49E9EDE51AEDC44500C178E8 /* Meme_MeTests.swift in Sources */ = {isa = PBXBuildFile; fileRef = 49E9EDE41AEDC44500C178E8 /* Meme_MeTests.swift */; };
		49E9EDEF1AEDCF1500C178E8 /* Meme.swift in Sources */ = {isa = PBXBuildFile; fileRef = 49E9EDEE1AEDCF1500C178E8 /* Meme.swift */; };
/* End PBXBuildFile section */

/* Begin PBXContainerItemProxy section */
		49E9EDDF1AEDC44500C178E8 /* PBXContainerItemProxy */ = {
			isa = PBXContainerItemProxy;
			containerPortal = 49E9EDC11AEDC44500C178E8 /* Project object */;
			proxyType = 1;
			remoteGlobalIDString = 49E9EDC81AEDC44500C178E8;
			remoteInfo = "Meme Me";
		};
/* End PBXContainerItemProxy section */

/* Begin PBXFileReference section */
		49325A861B1430F60002BDE0 /* MemeCollectionViewController.swift */ = {isa = PBXFileReference; fileEncoding = 4; lastKnownFileType = sourcecode.swift; path = MemeCollectionViewController.swift; sourceTree = "<group>"; };
		49325A881B1432760002BDE0 /* MemeCollectionViewCell.swift */ = {isa = PBXFileReference; fileEncoding = 4; lastKnownFileType = sourcecode.swift; path = MemeCollectionViewCell.swift; sourceTree = "<group>"; };
		49E449671B0068B600D0BF23 /* MemeListViewController.swift */ = {isa = PBXFileReference; fileEncoding = 4; lastKnownFileType = sourcecode.swift; path = MemeListViewController.swift; sourceTree = "<group>"; };
		49E449691B0077E300D0BF23 /* MemeDetailViewController.swift */ = {isa = PBXFileReference; fileEncoding = 4; lastKnownFileType = sourcecode.swift; path = MemeDetailViewController.swift; sourceTree = "<group>"; };
		49E9EDC91AEDC44500C178E8 /* Meme Me.app */ = {isa = PBXFileReference; explicitFileType = wrapper.application; includeInIndex = 0; path = "Meme Me.app"; sourceTree = BUILT_PRODUCTS_DIR; };
		49E9EDCD1AEDC44500C178E8 /* Info.plist */ = {isa = PBXFileReference; lastKnownFileType = text.plist.xml; path = Info.plist; sourceTree = "<group>"; };
		49E9EDCE1AEDC44500C178E8 /* AppDelegate.swift */ = {isa = PBXFileReference; lastKnownFileType = sourcecode.swift; path = AppDelegate.swift; sourceTree = "<group>"; };
		49E9EDD01AEDC44500C178E8 /* ViewController.swift */ = {isa = PBXFileReference; lastKnownFileType = sourcecode.swift; path = ViewController.swift; sourceTree = "<group>"; };
		49E9EDD31AEDC44500C178E8 /* Base */ = {isa = PBXFileReference; lastKnownFileType = file.storyboard; name = Base; path = Base.lproj/Main.storyboard; sourceTree = "<group>"; };
		49E9EDD51AEDC44500C178E8 /* Images.xcassets */ = {isa = PBXFileReference; lastKnownFileType = folder.assetcatalog; path = Images.xcassets; sourceTree = "<group>"; };
		49E9EDD81AEDC44500C178E8 /* Base */ = {isa = PBXFileReference; lastKnownFileType = file.xib; name = Base; path = Base.lproj/LaunchScreen.xib; sourceTree = "<group>"; };
		49E9EDDE1AEDC44500C178E8 /* Meme MeTests.xctest */ = {isa = PBXFileReference; explicitFileType = wrapper.cfbundle; includeInIndex = 0; path = "Meme MeTests.xctest"; sourceTree = BUILT_PRODUCTS_DIR; };
		49E9EDE31AEDC44500C178E8 /* Info.plist */ = {isa = PBXFileReference; lastKnownFileType = text.plist.xml; path = Info.plist; sourceTree = "<group>"; };
		49E9EDE41AEDC44500C178E8 /* Meme_MeTests.swift */ = {isa = PBXFileReference; lastKnownFileType = sourcecode.swift; path = Meme_MeTests.swift; sourceTree = "<group>"; };
		49E9EDEE1AEDCF1500C178E8 /* Meme.swift */ = {isa = PBXFileReference; fileEncoding = 4; lastKnownFileType = sourcecode.swift; path = Meme.swift; sourceTree = "<group>"; };
/* End PBXFileReference section */

/* Begin PBXFrameworksBuildPhase section */
		49E9EDC61AEDC44500C178E8 /* Frameworks */ = {
			isa = PBXFrameworksBuildPhase;
			buildActionMask = 2147483647;
			files = (
			);
			runOnlyForDeploymentPostprocessing = 0;
		};
		49E9EDDB1AEDC44500C178E8 /* Frameworks */ = {
			isa = PBXFrameworksBuildPhase;
			buildActionMask = 2147483647;
			files = (
			);
			runOnlyForDeploymentPostprocessing = 0;
		};
/* End PBXFrameworksBuildPhase section */

/* Begin PBXGroup section */
		49E9EDC01AEDC44500C178E8 = {
			isa = PBXGroup;
			children = (
				49E9EDCB1AEDC44500C178E8 /* Meme Me */,
				49E9EDE11AEDC44500C178E8 /* Meme MeTests */,
				49E9EDCA1AEDC44500C178E8 /* Products */,
			);
			sourceTree = "<group>";
		};
		49E9EDCA1AEDC44500C178E8 /* Products */ = {
			isa = PBXGroup;
			children = (
				49E9EDC91AEDC44500C178E8 /* Meme Me.app */,
				49E9EDDE1AEDC44500C178E8 /* Meme MeTests.xctest */,
			);
			name = Products;
			sourceTree = "<group>";
		};
		49E9EDCB1AEDC44500C178E8 /* Meme Me */ = {
			isa = PBXGroup;
			children = (
				49E9EDCE1AEDC44500C178E8 /* AppDelegate.swift */,
				49E9EDEE1AEDCF1500C178E8 /* Meme.swift */,
				49E9EDD01AEDC44500C178E8 /* ViewController.swift */,
				49325A881B1432760002BDE0 /* MemeCollectionViewCell.swift */,
				49325A861B1430F60002BDE0 /* MemeCollectionViewController.swift */,
				49E449671B0068B600D0BF23 /* MemeListViewController.swift */,
				49E449691B0077E300D0BF23 /* MemeDetailViewController.swift */,
				49E9EDD21AEDC44500C178E8 /* Main.storyboard */,
				49E9EDD51AEDC44500C178E8 /* Images.xcassets */,
				49E9EDD71AEDC44500C178E8 /* LaunchScreen.xib */,
				49E9EDCC1AEDC44500C178E8 /* Supporting Files */,
			);
			path = "Meme Me";
			sourceTree = "<group>";
		};
		49E9EDCC1AEDC44500C178E8 /* Supporting Files */ = {
			isa = PBXGroup;
			children = (
				49E9EDCD1AEDC44500C178E8 /* Info.plist */,
			);
			name = "Supporting Files";
			sourceTree = "<group>";
		};
		49E9EDE11AEDC44500C178E8 /* Meme MeTests */ = {
			isa = PBXGroup;
			children = (
				49E9EDE41AEDC44500C178E8 /* Meme_MeTests.swift */,
				49E9EDE21AEDC44500C178E8 /* Supporting Files */,
			);
			path = "Meme MeTests";
			sourceTree = "<group>";
		};
		49E9EDE21AEDC44500C178E8 /* Supporting Files */ = {
			isa = PBXGroup;
			children = (
				49E9EDE31AEDC44500C178E8 /* Info.plist */,
			);
			name = "Supporting Files";
			sourceTree = "<group>";
		};
/* End PBXGroup section */

/* Begin PBXNativeTarget section */
		49E9EDC81AEDC44500C178E8 /* Meme Me */ = {
			isa = PBXNativeTarget;
			buildConfigurationList = 49E9EDE81AEDC44500C178E8 /* Build configuration list for PBXNativeTarget "Meme Me" */;
			buildPhases = (
				49E9EDC51AEDC44500C178E8 /* Sources */,
				49E9EDC61AEDC44500C178E8 /* Frameworks */,
				49E9EDC71AEDC44500C178E8 /* Resources */,
			);
			buildRules = (
			);
			dependencies = (
			);
			name = "Meme Me";
			productName = "Meme Me";
			productReference = 49E9EDC91AEDC44500C178E8 /* Meme Me.app */;
			productType = "com.apple.product-type.application";
		};
		49E9EDDD1AEDC44500C178E8 /* Meme MeTests */ = {
			isa = PBXNativeTarget;
			buildConfigurationList = 49E9EDEB1AEDC44500C178E8 /* Build configuration list for PBXNativeTarget "Meme MeTests" */;
			buildPhases = (
				49E9EDDA1AEDC44500C178E8 /* Sources */,
				49E9EDDB1AEDC44500C178E8 /* Frameworks */,
				49E9EDDC1AEDC44500C178E8 /* Resources */,
			);
			buildRules = (
			);
			dependencies = (
				49E9EDE01AEDC44500C178E8 /* PBXTargetDependency */,
			);
			name = "Meme MeTests";
			productName = "Meme MeTests";
			productReference = 49E9EDDE1AEDC44500C178E8 /* Meme MeTests.xctest */;
			productType = "com.apple.product-type.bundle.unit-test";
		};
/* End PBXNativeTarget section */

/* Begin PBXProject section */
		49E9EDC11AEDC44500C178E8 /* Project object */ = {
			isa = PBXProject;
			attributes = {
				LastUpgradeCheck = 0630;
				ORGANIZATIONNAME = "Enrico Montana";
				TargetAttributes = {
					49E9EDC81AEDC44500C178E8 = {
						CreatedOnToolsVersion = 6.3.1;
					};
					49E9EDDD1AEDC44500C178E8 = {
						CreatedOnToolsVersion = 6.3.1;
						TestTargetID = 49E9EDC81AEDC44500C178E8;
					};
				};
			};
			buildConfigurationList = 49E9EDC41AEDC44500C178E8 /* Build configuration list for PBXProject "Meme Me" */;
			compatibilityVersion = "Xcode 3.2";
			developmentRegion = English;
			hasScannedForEncodings = 0;
			knownRegions = (
				en,
				Base,
			);
			mainGroup = 49E9EDC01AEDC44500C178E8;
			productRefGroup = 49E9EDCA1AEDC44500C178E8 /* Products */;
			projectDirPath = "";
			projectRoot = "";
			targets = (
				49E9EDC81AEDC44500C178E8 /* Meme Me */,
				49E9EDDD1AEDC44500C178E8 /* Meme MeTests */,
			);
		};
/* End PBXProject section */

/* Begin PBXResourcesBuildPhase section */
		49E9EDC71AEDC44500C178E8 /* Resources */ = {
			isa = PBXResourcesBuildPhase;
			buildActionMask = 2147483647;
			files = (
				49E9EDD41AEDC44500C178E8 /* Main.storyboard in Resources */,
				49E9EDD91AEDC44500C178E8 /* LaunchScreen.xib in Resources */,
				49E9EDD61AEDC44500C178E8 /* Images.xcassets in Resources */,
			);
			runOnlyForDeploymentPostprocessing = 0;
		};
		49E9EDDC1AEDC44500C178E8 /* Resources */ = {
			isa = PBXResourcesBuildPhase;
			buildActionMask = 2147483647;
			files = (
			);
			runOnlyForDeploymentPostprocessing = 0;
		};
/* End PBXResourcesBuildPhase section */

/* Begin PBXSourcesBuildPhase section */
		49E9EDC51AEDC44500C178E8 /* Sources */ = {
			isa = PBXSourcesBuildPhase;
			buildActionMask = 2147483647;
			files = (
				49E9EDEF1AEDCF1500C178E8 /* Meme.swift in Sources */,
				49E9EDD11AEDC44500C178E8 /* ViewController.swift in Sources */,
				49E449681B0068B600D0BF23 /* MemeListViewController.swift in Sources */,
				49E9EDCF1AEDC44500C178E8 /* AppDelegate.swift in Sources */,
				49325A891B1432760002BDE0 /* MemeCollectionViewCell.swift in Sources */,
				49325A871B1430F60002BDE0 /* MemeCollectionViewController.swift in Sources */,
				49E4496A1B0077E300D0BF23 /* MemeDetailViewController.swift in Sources */,
			);
			runOnlyForDeploymentPostprocessing = 0;
		};
		49E9EDDA1AEDC44500C178E8 /* Sources */ = {
			isa = PBXSourcesBuildPhase;
			buildActionMask = 2147483647;
			files = (
				49E9EDE51AEDC44500C178E8 /* Meme_MeTests.swift in Sources */,
			);
			runOnlyForDeploymentPostprocessing = 0;
		};
/* End PBXSourcesBuildPhase section */

/* Begin PBXTargetDependency section */
		49E9EDE01AEDC44500C178E8 /* PBXTargetDependency */ = {
			isa = PBXTargetDependency;
			target = 49E9EDC81AEDC44500C178E8 /* Meme Me */;
			targetProxy = 49E9EDDF1AEDC44500C178E8 /* PBXContainerItemProxy */;
		};
/* End PBXTargetDependency section */

/* Begin PBXVariantGroup section */
		49E9EDD21AEDC44500C178E8 /* Main.storyboard */ = {
			isa = PBXVariantGroup;
			children = (
				49E9EDD31AEDC44500C178E8 /* Base */,
			);
			name = Main.storyboard;
			sourceTree = "<group>";
		};
		49E9EDD71AEDC44500C178E8 /* LaunchScreen.xib */ = {
			isa = PBXVariantGroup;
			children = (
				49E9EDD81AEDC44500C178E8 /* Base */,
			);
			name = LaunchScreen.xib;
			sourceTree = "<group>";
		};
/* End PBXVariantGroup section */

/* Begin XCBuildConfiguration section */
		49E9EDE61AEDC44500C178E8 /* Debug */ = {
			isa = XCBuildConfiguration;
			buildSettings = {
				ALWAYS_SEARCH_USER_PATHS = NO;
				CLANG_CXX_LANGUAGE_STANDARD = "gnu++0x";
				CLANG_CXX_LIBRARY = "libc++";
				CLANG_ENABLE_MODULES = YES;
				CLANG_ENABLE_OBJC_ARC = YES;
				CLANG_WARN_BOOL_CONVERSION = YES;
				CLANG_WARN_CONSTANT_CONVERSION = YES;
				CLANG_WARN_DIRECT_OBJC_ISA_USAGE = YES_ERROR;
				CLANG_WARN_EMPTY_BODY = YES;
				CLANG_WARN_ENUM_CONVERSION = YES;
				CLANG_WARN_INT_CONVERSION = YES;
				CLANG_WARN_OBJC_ROOT_CLASS = YES_ERROR;
				CLANG_WARN_UNREACHABLE_CODE = YES;
				CLANG_WARN__DUPLICATE_METHOD_MATCH = YES;
				"CODE_SIGN_IDENTITY[sdk=iphoneos*]" = "iPhone Developer";
				COPY_PHASE_STRIP = NO;
				DEBUG_INFORMATION_FORMAT = "dwarf-with-dsym";
				ENABLE_STRICT_OBJC_MSGSEND = YES;
				GCC_C_LANGUAGE_STANDARD = gnu99;
				GCC_DYNAMIC_NO_PIC = NO;
				GCC_NO_COMMON_BLOCKS = YES;
				GCC_OPTIMIZATION_LEVEL = 0;
				GCC_PREPROCESSOR_DEFINITIONS = (
					"DEBUG=1",
					"$(inherited)",
				);
				GCC_SYMBOLS_PRIVATE_EXTERN = NO;
				GCC_WARN_64_TO_32_BIT_CONVERSION = YES;
				GCC_WARN_ABOUT_RETURN_TYPE = YES_ERROR;
				GCC_WARN_UNDECLARED_SELECTOR = YES;
				GCC_WARN_UNINITIALIZED_AUTOS = YES_AGGRESSIVE;
				GCC_WARN_UNUSED_FUNCTION = YES;
				GCC_WARN_UNUSED_VARIABLE = YES;
				IPHONEOS_DEPLOYMENT_TARGET = 8.3;
				MTL_ENABLE_DEBUG_INFO = YES;
				ONLY_ACTIVE_ARCH = YES;
				SDKROOT = iphoneos;
				SWIFT_OPTIMIZATION_LEVEL = "-Onone";
				TARGETED_DEVICE_FAMILY = "1,2";
			};
			name = Debug;
		};
		49E9EDE71AEDC44500C178E8 /* Release */ = {
			isa = XCBuildConfiguration;
			buildSettings = {
				ALWAYS_SEARCH_USER_PATHS = NO;
				CLANG_CXX_LANGUAGE_STANDARD = "gnu++0x";
				CLANG_CXX_LIBRARY = "libc++";
				CLANG_ENABLE_MODULES = YES;
				CLANG_ENABLE_OBJC_ARC = YES;
				CLANG_WARN_BOOL_CONVERSION = YES;
				CLANG_WARN_CONSTANT_CONVERSION = YES;
				CLANG_WARN_DIRECT_OBJC_ISA_USAGE = YES_ERROR;
				CLANG_WARN_EMPTY_BODY = YES;
				CLANG_WARN_ENUM_CONVERSION = YES;
				CLANG_WARN_INT_CONVERSION = YES;
				CLANG_WARN_OBJC_ROOT_CLASS = YES_ERROR;
				CLANG_WARN_UNREACHABLE_CODE = YES;
				CLANG_WARN__DUPLICATE_METHOD_MATCH = YES;
				"CODE_SIGN_IDENTITY[sdk=iphoneos*]" = "iPhone Developer";
				COPY_PHASE_STRIP = NO;
				DEBUG_INFORMATION_FORMAT = "dwarf-with-dsym";
				ENABLE_NS_ASSERTIONS = NO;
				ENABLE_STRICT_OBJC_MSGSEND = YES;
				GCC_C_LANGUAGE_STANDARD = gnu99;
				GCC_NO_COMMON_BLOCKS = YES;
				GCC_WARN_64_TO_32_BIT_CONVERSION = YES;
				GCC_WARN_ABOUT_RETURN_TYPE = YES_ERROR;
				GCC_WARN_UNDECLARED_SELECTOR = YES;
				GCC_WARN_UNINITIALIZED_AUTOS = YES_AGGRESSIVE;
				GCC_WARN_UNUSED_FUNCTION = YES;
				GCC_WARN_UNUSED_VARIABLE = YES;
				IPHONEOS_DEPLOYMENT_TARGET = 8.3;
				MTL_ENABLE_DEBUG_INFO = NO;
				SDKROOT = iphoneos;
				TARGETED_DEVICE_FAMILY = "1,2";
				VALIDATE_PRODUCT = YES;
			};
			name = Release;
		};
		49E9EDE91AEDC44500C178E8 /* Debug */ = {
			isa = XCBuildConfiguration;
			buildSettings = {
				ASSETCATALOG_COMPILER_APPICON_NAME = AppIcon;
				INFOPLIST_FILE = "Meme Me/Info.plist";
				LD_RUNPATH_SEARCH_PATHS = "$(inherited) @executable_path/Frameworks";
				PRODUCT_NAME = "$(TARGET_NAME)";
				TARGETED_DEVICE_FAMILY = 1;
			};
			name = Debug;
		};
		49E9EDEA1AEDC44500C178E8 /* Release */ = {
			isa = XCBuildConfiguration;
			buildSettings = {
				ASSETCATALOG_COMPILER_APPICON_NAME = AppIcon;
				INFOPLIST_FILE = "Meme Me/Info.plist";
				LD_RUNPATH_SEARCH_PATHS = "$(inherited) @executable_path/Frameworks";
				PRODUCT_NAME = "$(TARGET_NAME)";
				TARGETED_DEVICE_FAMILY = 1;
			};
			name = Release;
		};
		49E9EDEC1AEDC44500C178E8 /* Debug */ = {
			isa = XCBuildConfiguration;
			buildSettings = {
				BUNDLE_LOADER = "$(TEST_HOST)";
				FRAMEWORK_SEARCH_PATHS = (
					"$(SDKROOT)/Developer/Library/Frameworks",
					"$(inherited)",
				);
				GCC_PREPROCESSOR_DEFINITIONS = (
					"DEBUG=1",
					"$(inherited)",
				);
				INFOPLIST_FILE = "Meme MeTests/Info.plist";
				LD_RUNPATH_SEARCH_PATHS = "$(inherited) @executable_path/Frameworks @loader_path/Frameworks";
				PRODUCT_NAME = "$(TARGET_NAME)";
				TEST_HOST = "$(BUILT_PRODUCTS_DIR)/Meme Me.app/Meme Me";
			};
			name = Debug;
		};
		49E9EDED1AEDC44500C178E8 /* Release */ = {
			isa = XCBuildConfiguration;
			buildSettings = {
				BUNDLE_LOADER = "$(TEST_HOST)";
				FRAMEWORK_SEARCH_PATHS = (
					"$(SDKROOT)/Developer/Library/Frameworks",
					"$(inherited)",
				);
				INFOPLIST_FILE = "Meme MeTests/Info.plist";
				LD_RUNPATH_SEARCH_PATHS = "$(inherited) @executable_path/Frameworks @loader_path/Frameworks";
				PRODUCT_NAME = "$(TARGET_NAME)";
				TEST_HOST = "$(BUILT_PRODUCTS_DIR)/Meme Me.app/Meme Me";
			};
			name = Release;
		};
/* End XCBuildConfiguration section */

/* Begin XCConfigurationList section */
		49E9EDC41AEDC44500C178E8 /* Build configuration list for PBXProject "Meme Me" */ = {
			isa = XCConfigurationList;
			buildConfigurations = (
				49E9EDE61AEDC44500C178E8 /* Debug */,
				49E9EDE71AEDC44500C178E8 /* Release */,
			);
			defaultConfigurationIsVisible = 0;
			defaultConfigurationName = Release;
		};
		49E9EDE81AEDC44500C178E8 /* Build configuration list for PBXNativeTarget "Meme Me" */ = {
			isa = XCConfigurationList;
			buildConfigurations = (
				49E9EDE91AEDC44500C178E8 /* Debug */,
				49E9EDEA1AEDC44500C178E8 /* Release */,
			);
			defaultConfigurationIsVisible = 0;
			defaultConfigurationName = Release;
		};
		49E9EDEB1AEDC44500C178E8 /* Build configuration list for PBXNativeTarget "Meme MeTests" */ = {
			isa = XCConfigurationList;
			buildConfigurations = (
				49E9EDEC1AEDC44500C178E8 /* Debug */,
				49E9EDED1AEDC44500C178E8 /* Release */,
			);
			defaultConfigurationIsVisible = 0;
			defaultConfigurationName = Release;
		};
/* End XCConfigurationList section */
	};
	rootObject = 49E9EDC11AEDC44500C178E8 /* Project object */;
}
